{
    "_readme": [
        "This file locks the dependencies of your project to a known state",
        "Read more about it at https://getcomposer.org/doc/01-basic-usage.md#installing-dependencies",
        "This file is @generated automatically"
    ],
    "content-hash": "f686a68edeff2d82186451d712cf5fb5",
    "packages": [
        {
            "name": "ngframer/ngframer.php.base",
            "version": "v1.0.1",
            "source": {
                "type": "git",
                "url": "https://github.com/NGFramer/ngframer.php.base.git",
                "reference": "33106baa6225abb16b26942d0dbb78a11e22c0af"
            },
            "dist": {
                "type": "zip",
                "url": "https://api.github.com/repos/NGFramer/ngframer.php.base/zipball/33106baa6225abb16b26942d0dbb78a11e22c0af",
                "reference": "33106baa6225abb16b26942d0dbb78a11e22c0af",
                "shasum": ""
            },
            "type": "library",
            "autoload": {
                "psr-4": {
                    "NGFramer\\NGFramerPHPBase\\": "/"
                }
            },
            "notification-url": "https://packagist.org/downloads/",
            "license": [
                "MIT"
            ],
            "authors": [
                {
                    "name": "NG Framer",
                    "homepage": "https://github.com/ngframer"
                },
                {
                    "name": "Kishor Neupane",
                    "homepage": "https://github.com/neupkishor"
                }
            ],
            "description": "Base files for the NGFramerPHP framework.",
            "support": {
                "issues": "https://github.com/NGFramer/ngframer.php.base/issues",
                "source": "https://github.com/NGFramer/ngframer.php.base/tree/v1.0.1"
            },
            "time": "2024-02-29T07:24:48+00:00"
        },
        {
            "name": "ngframer/ngframer.php.dbservice",
            "version": "v1.0.1",
            "source": {
                "type": "git",
                "url": "https://github.com/NGFramer/ngframer.php.dbservice.git",
                "reference": "4f455cae842dcc8ff4729bf916cc1afdc5c4a18b"
            },
            "dist": {
                "type": "zip",
                "url": "https://api.github.com/repos/NGFramer/ngframer.php.dbservice/zipball/4f455cae842dcc8ff4729bf916cc1afdc5c4a18b",
                "reference": "4f455cae842dcc8ff4729bf916cc1afdc5c4a18b",
                "shasum": ""
            },
            "type": "library",
            "autoload": {
                "psr-4": {
                    "NGFramer\\NGFramerPHPDbService\\": "/"
                }
            },
            "notification-url": "https://packagist.org/downloads/",
            "license": [
                "MIT"
            ],
            "authors": [
                {
                    "name": "NG Framer",
                    "homepage": "https://github.com/ngframer"
                },
                {
                    "name": "Kishor Neupane",
                    "homepage": "https://github.com/neupkishor"
                }
            ],
            "description": "Simple yet powerful database layer for PHP.",
            "support": {
                "issues": "https://github.com/NGFramer/ngframer.php.dbservice/issues",
                "source": "https://github.com/NGFramer/ngframer.php.dbservice/tree/v1.0.1"
            },
            "time": "2024-03-01T06:41:48+00:00"
        }
    ],
    "packages-dev": [],
    "aliases": [],
    "minimum-stability": "stable",
    "stability-flags": [],
    "prefer-stable": false,
    "prefer-lowest": false,
    "platform": [],
    "platform-dev": [],
    "plugin-api-version": "2.6.0"
}
